
Microsoft Visual Studio Solution File, Format Version 12.00
# Visual Studio 15
Project("{FAE04EC0-301F-11D3-BF4B-00C04F79EFBC}") = "Assembly-CSharp", "Assembly-CSharp.csproj", "{B5EC7D7E-8F2F-F576-6781-E327F43CF10C}"
EndProject
Project("{FAE04EC0-301F-11D3-BF4B-00C04F79EFBC}") = "Assembly-CSharp-firstpass", "Assembly-CSharp-firstpass.csproj", "{C2502905-57FA-99EE-33FF-763E719CE2BE}"
EndProject
Project("{FAE04EC0-301F-11D3-BF4B-00C04F79EFBC}") = "Assembly-CSharp-Editor", "Assembly-CSharp-Editor.csproj", "{FBB23129-9878-6ABF-0944-063B96FAD83E}"
EndProject
Global
	GlobalSection(SolutionConfigurationPlatforms) = preSolution
		Debug|Any CPU = Debug|Any CPU
		Release|Any CPU = Release|Any CPU
	EndGlobalSection
	GlobalSection(ProjectConfigurationPlatforms) = postSolution
		{B5EC7D7E-8F2F-F576-6781-E327F43CF10C}.Debug|Any CPU.ActiveCfg = Debug|Any CPU
		{B5EC7D7E-8F2F-F576-6781-E327F43CF10C}.Debug|Any CPU.Build.0 = Debug|Any CPU
		{B5EC7D7E-8F2F-F576-6781-E327F43CF10C}.Release|Any CPU.ActiveCfg = Release|Any CPU
		{B5EC7D7E-8F2F-F576-6781-E327F43CF10C}.Release|Any CPU.Build.0 = Release|Any CPU
		{C2502905-57FA-99EE-33FF-763E719CE2BE}.Debug|Any CPU.ActiveCfg = Debug|Any CPU
		{C2502905-57FA-99EE-33FF-763E719CE2BE}.Debug|Any CPU.Build.0 = Debug|Any CPU
		{C2502905-57FA-99EE-33FF-763E719CE2BE}.Release|Any CPU.ActiveCfg = Release|Any CPU
		{C2502905-57FA-99EE-33FF-763E719CE2BE}.Release|Any CPU.Build.0 = Release|Any CPU
		{FBB23129-9878-6ABF-0944-063B96FAD83E}.Debug|Any CPU.ActiveCfg = Debug|Any CPU
		{FBB23129-9878-6ABF-0944-063B96FAD83E}.Debug|Any CPU.Build.0 = Debug|Any CPU
		{FBB23129-9878-6ABF-0944-063B96FAD83E}.Release|Any CPU.ActiveCfg = Release|Any CPU
		{FBB23129-9878-6ABF-0944-063B96FAD83E}.Release|Any CPU.Build.0 = Release|Any CPU
	EndGlobalSection
	GlobalSection(SolutionProperties) = preSolution
		HideSolutionNode = FALSE
	EndGlobalSection
EndGlobal
